
Microsoft Visual Studio Solution File, Format Version 12.00
# Visual Studio Version 17
VisualStudioVersion = 17.6.33723.286
MinimumVisualStudioVersion = 10.0.40219.1
Project("{2150E333-8FDC-42A3-9474-1A3956D46DE8}") = "GenerativePatterns", "GenerativePatterns", "{4879222D-725F-4C62-BDEF-61B6EA1193D3}"
EndProject
Project("{2150E333-8FDC-42A3-9474-1A3956D46DE8}") = "StructuralPatterns", "StructuralPatterns", "{3DAEFB0F-CB6E-4307-BA9C-42658979A08F}"
EndProject
Project("{2150E333-8FDC-42A3-9474-1A3956D46DE8}") = "BehavioralPatterns", "BehavioralPatterns", "{C85DDCF1-9319-4387-9AA8-3CF85A48DA6E}"
EndProject
Project("{9A19103F-16F7-4668-BE54-9A1E7A4F7556}") = "FactoryMethod", "GenerativePatterns\FactoryMethod\FactoryMethod.csproj", "{D104F8FF-3840-4F0A-967F-19A40625D8D0}"
EndProject
Project("{9A19103F-16F7-4668-BE54-9A1E7A4F7556}") = "AbstractFactory", "GenerativePatterns\AbstractFactory\AbstractFactory.csproj", "{68408082-D3C2-4EE6-9201-A66AF4983D04}"
EndProject
Project("{9A19103F-16F7-4668-BE54-9A1E7A4F7556}") = "Singleton", "GenerativePatterns\Singleton\Singleton.csproj", "{A88BE8C9-9D1B-4C8B-B2D1-223C9A88DA7C}"
EndProject
Project("{9A19103F-16F7-4668-BE54-9A1E7A4F7556}") = "Prototype", "GenerativePatterns\Prototype\Prototype.csproj", "{5BFEAE46-A529-4914-A956-FA7FD33C174B}"
EndProject
Project("{9A19103F-16F7-4668-BE54-9A1E7A4F7556}") = "Builder", "GenerativePatterns\Builder\Builder.csproj", "{8B3ED4B2-8796-4BE1-BE01-971562844F42}"
EndProject
Project("{9A19103F-16F7-4668-BE54-9A1E7A4F7556}") = "Strategy", "BehavioralPatterns\Strategy\Strategy.csproj", "{980BF0D4-BF5D-4558-BCE3-BA200448D90A}"
EndProject
Project("{9A19103F-16F7-4668-BE54-9A1E7A4F7556}") = "Observer", "BehavioralPatterns\Observer\Observer.csproj", "{82546992-9203-4D3A-AEF3-39D4DE702370}"
EndProject
Project("{9A19103F-16F7-4668-BE54-9A1E7A4F7556}") = "Command", "BehavioralPatterns\Command\Command.csproj", "{AE630CE9-F56E-48D9-9CAF-D9EBF797BBA1}"
EndProject
Project("{9A19103F-16F7-4668-BE54-9A1E7A4F7556}") = "TemplateMethod", "BehavioralPatterns\TemplateMethod\TemplateMethod.csproj", "{14FBD305-EE93-4B34-BD77-1E0499A41FAE}"
EndProject
Project("{9A19103F-16F7-4668-BE54-9A1E7A4F7556}") = "Iterator", "BehavioralPatterns\Iterator\Iterator.csproj", "{A9B6EC05-5D78-4025-B717-3E3466C7E5BE}"
EndProject
Project("{FAE04EC0-301F-11D3-BF4B-00C04F79EFBC}") = "State", "BehavioralPatterns\State\State.csproj", "{1BB08998-77F0-4587-8111-107A89B7DBB9}"
EndProject
Global
	GlobalSection(SolutionConfigurationPlatforms) = preSolution
		Debug|Any CPU = Debug|Any CPU
		Release|Any CPU = Release|Any CPU
	EndGlobalSection
	GlobalSection(ProjectConfigurationPlatforms) = postSolution
		{D104F8FF-3840-4F0A-967F-19A40625D8D0}.Debug|Any CPU.ActiveCfg = Debug|Any CPU
		{D104F8FF-3840-4F0A-967F-19A40625D8D0}.Debug|Any CPU.Build.0 = Debug|Any CPU
		{D104F8FF-3840-4F0A-967F-19A40625D8D0}.Release|Any CPU.ActiveCfg = Release|Any CPU
		{D104F8FF-3840-4F0A-967F-19A40625D8D0}.Release|Any CPU.Build.0 = Release|Any CPU
		{68408082-D3C2-4EE6-9201-A66AF4983D04}.Debug|Any CPU.ActiveCfg = Debug|Any CPU
		{68408082-D3C2-4EE6-9201-A66AF4983D04}.Debug|Any CPU.Build.0 = Debug|Any CPU
		{68408082-D3C2-4EE6-9201-A66AF4983D04}.Release|Any CPU.ActiveCfg = Release|Any CPU
		{68408082-D3C2-4EE6-9201-A66AF4983D04}.Release|Any CPU.Build.0 = Release|Any CPU
		{A88BE8C9-9D1B-4C8B-B2D1-223C9A88DA7C}.Debug|Any CPU.ActiveCfg = Debug|Any CPU
		{A88BE8C9-9D1B-4C8B-B2D1-223C9A88DA7C}.Debug|Any CPU.Build.0 = Debug|Any CPU
		{A88BE8C9-9D1B-4C8B-B2D1-223C9A88DA7C}.Release|Any CPU.ActiveCfg = Release|Any CPU
		{A88BE8C9-9D1B-4C8B-B2D1-223C9A88DA7C}.Release|Any CPU.Build.0 = Release|Any CPU
		{5BFEAE46-A529-4914-A956-FA7FD33C174B}.Debug|Any CPU.ActiveCfg = Debug|Any CPU
		{5BFEAE46-A529-4914-A956-FA7FD33C174B}.Debug|Any CPU.Build.0 = Debug|Any CPU
		{5BFEAE46-A529-4914-A956-FA7FD33C174B}.Release|Any CPU.ActiveCfg = Release|Any CPU
		{5BFEAE46-A529-4914-A956-FA7FD33C174B}.Release|Any CPU.Build.0 = Release|Any CPU
		{8B3ED4B2-8796-4BE1-BE01-971562844F42}.Debug|Any CPU.ActiveCfg = Debug|Any CPU
		{8B3ED4B2-8796-4BE1-BE01-971562844F42}.Debug|Any CPU.Build.0 = Debug|Any CPU
		{8B3ED4B2-8796-4BE1-BE01-971562844F42}.Release|Any CPU.ActiveCfg = Release|Any CPU
		{8B3ED4B2-8796-4BE1-BE01-971562844F42}.Release|Any CPU.Build.0 = Release|Any CPU
		{980BF0D4-BF5D-4558-BCE3-BA200448D90A}.Debug|Any CPU.ActiveCfg = Debug|Any CPU
		{980BF0D4-BF5D-4558-BCE3-BA200448D90A}.Debug|Any CPU.Build.0 = Debug|Any CPU
		{980BF0D4-BF5D-4558-BCE3-BA200448D90A}.Release|Any CPU.ActiveCfg = Release|Any CPU
		{980BF0D4-BF5D-4558-BCE3-BA200448D90A}.Release|Any CPU.Build.0 = Release|Any CPU
		{82546992-9203-4D3A-AEF3-39D4DE702370}.Debug|Any CPU.ActiveCfg = Debug|Any CPU
		{82546992-9203-4D3A-AEF3-39D4DE702370}.Debug|Any CPU.Build.0 = Debug|Any CPU
		{82546992-9203-4D3A-AEF3-39D4DE702370}.Release|Any CPU.ActiveCfg = Release|Any CPU
		{82546992-9203-4D3A-AEF3-39D4DE702370}.Release|Any CPU.Build.0 = Release|Any CPU
		{AE630CE9-F56E-48D9-9CAF-D9EBF797BBA1}.Debug|Any CPU.ActiveCfg = Debug|Any CPU
		{AE630CE9-F56E-48D9-9CAF-D9EBF797BBA1}.Debug|Any CPU.Build.0 = Debug|Any CPU
		{AE630CE9-F56E-48D9-9CAF-D9EBF797BBA1}.Release|Any CPU.ActiveCfg = Release|Any CPU
		{AE630CE9-F56E-48D9-9CAF-D9EBF797BBA1}.Release|Any CPU.Build.0 = Release|Any CPU
		{14FBD305-EE93-4B34-BD77-1E0499A41FAE}.Debug|Any CPU.ActiveCfg = Debug|Any CPU
		{14FBD305-EE93-4B34-BD77-1E0499A41FAE}.Debug|Any CPU.Build.0 = Debug|Any CPU
		{14FBD305-EE93-4B34-BD77-1E0499A41FAE}.Release|Any CPU.ActiveCfg = Release|Any CPU
		{14FBD305-EE93-4B34-BD77-1E0499A41FAE}.Release|Any CPU.Build.0 = Release|Any CPU
		{A9B6EC05-5D78-4025-B717-3E3466C7E5BE}.Debug|Any CPU.ActiveCfg = Debug|Any CPU
		{A9B6EC05-5D78-4025-B717-3E3466C7E5BE}.Debug|Any CPU.Build.0 = Debug|Any CPU
		{A9B6EC05-5D78-4025-B717-3E3466C7E5BE}.Release|Any CPU.ActiveCfg = Release|Any CPU
		{A9B6EC05-5D78-4025-B717-3E3466C7E5BE}.Release|Any CPU.Build.0 = Release|Any CPU
		{1BB08998-77F0-4587-8111-107A89B7DBB9}.Debug|Any CPU.ActiveCfg = Debug|Any CPU
		{1BB08998-77F0-4587-8111-107A89B7DBB9}.Debug|Any CPU.Build.0 = Debug|Any CPU
		{1BB08998-77F0-4587-8111-107A89B7DBB9}.Release|Any CPU.ActiveCfg = Release|Any CPU
		{1BB08998-77F0-4587-8111-107A89B7DBB9}.Release|Any CPU.Build.0 = Release|Any CPU
	EndGlobalSection
	GlobalSection(SolutionProperties) = preSolution
		HideSolutionNode = FALSE
	EndGlobalSection
	GlobalSection(NestedProjects) = preSolution
		{D104F8FF-3840-4F0A-967F-19A40625D8D0} = {4879222D-725F-4C62-BDEF-61B6EA1193D3}
		{68408082-D3C2-4EE6-9201-A66AF4983D04} = {4879222D-725F-4C62-BDEF-61B6EA1193D3}
		{A88BE8C9-9D1B-4C8B-B2D1-223C9A88DA7C} = {4879222D-725F-4C62-BDEF-61B6EA1193D3}
		{5BFEAE46-A529-4914-A956-FA7FD33C174B} = {4879222D-725F-4C62-BDEF-61B6EA1193D3}
		{8B3ED4B2-8796-4BE1-BE01-971562844F42} = {4879222D-725F-4C62-BDEF-61B6EA1193D3}
		{980BF0D4-BF5D-4558-BCE3-BA200448D90A} = {C85DDCF1-9319-4387-9AA8-3CF85A48DA6E}
		{82546992-9203-4D3A-AEF3-39D4DE702370} = {C85DDCF1-9319-4387-9AA8-3CF85A48DA6E}
		{AE630CE9-F56E-48D9-9CAF-D9EBF797BBA1} = {C85DDCF1-9319-4387-9AA8-3CF85A48DA6E}
		{14FBD305-EE93-4B34-BD77-1E0499A41FAE} = {C85DDCF1-9319-4387-9AA8-3CF85A48DA6E}
		{A9B6EC05-5D78-4025-B717-3E3466C7E5BE} = {C85DDCF1-9319-4387-9AA8-3CF85A48DA6E}
		{1BB08998-77F0-4587-8111-107A89B7DBB9} = {C85DDCF1-9319-4387-9AA8-3CF85A48DA6E}
	EndGlobalSection
	GlobalSection(ExtensibilityGlobals) = postSolution
		SolutionGuid = {533157C4-4664-4E1C-A684-37C3F0A3B432}
	EndGlobalSection
EndGlobal
